// !$*UTF8*$!
{
	archiveVersion = 1;
	classes = {
	};
	objectVersion = 55;
	objects = {

/* Begin PBXBuildFile section */
		AE79D7AA2729A9EA00E5C4A1 /* AppDelegate.swift in Sources */ = {isa = PBXBuildFile; fileRef = AE79D7A92729A9EA00E5C4A1 /* AppDelegate.swift */; };
		AE79D7AC2729A9EA00E5C4A1 /* SceneDelegate.swift in Sources */ = {isa = PBXBuildFile; fileRef = AE79D7AB2729A9EA00E5C4A1 /* SceneDelegate.swift */; };
		AE79D7AE2729A9EA00E5C4A1 /* ViewController.swift in Sources */ = {isa = PBXBuildFile; fileRef = AE79D7AD2729A9EA00E5C4A1 /* ViewController.swift */; };
		AE79D7B12729A9EA00E5C4A1 /* Main.storyboard in Resources */ = {isa = PBXBuildFile; fileRef = AE79D7AF2729A9EA00E5C4A1 /* Main.storyboard */; };
		AE79D7B32729A9EC00E5C4A1 /* Assets.xcassets in Resources */ = {isa = PBXBuildFile; fileRef = AE79D7B22729A9EC00E5C4A1 /* Assets.xcassets */; };
		AE79D7B62729A9EC00E5C4A1 /* LaunchScreen.storyboard in Resources */ = {isa = PBXBuildFile; fileRef = AE79D7B42729A9EC00E5C4A1 /* LaunchScreen.storyboard */; };
/* End PBXBuildFile section */

/* Begin PBXFileReference section */
		AE79D7A62729A9EA00E5C4A1 /* Pizza(Job).app */ = {isa = PBXFileReference; explicitFileType = wrapper.application; includeInIndex = 0; path = "Pizza(Job).app"; sourceTree = BUILT_PRODUCTS_DIR; };
		AE79D7A92729A9EA00E5C4A1 /* AppDelegate.swift */ = {isa = PBXFileReference; lastKnownFileType = sourcecode.swift; path = AppDelegate.swift; sourceTree = "<group>"; };
		AE79D7AB2729A9EA00E5C4A1 /* SceneDelegate.swift */ = {isa = PBXFileReference; lastKnownFileType = sourcecode.swift; path = SceneDelegate.swift; sourceTree = "<group>"; };
		AE79D7AD2729A9EA00E5C4A1 /* ViewController.swift */ = {isa = PBXFileReference; lastKnownFileType = sourcecode.swift; path = ViewController.swift; sourceTree = "<group>"; };
		AE79D7B02729A9EA00E5C4A1 /* Base */ = {isa = PBXFileReference; lastKnownFileType = file.storyboard; name = Base; path = Base.lproj/Main.storyboard; sourceTree = "<group>"; };
		AE79D7B22729A9EC00E5C4A1 /* Assets.xcassets */ = {isa = PBXFileReference; lastKnownFileType = folder.assetcatalog; path = Assets.xcassets; sourceTree = "<group>"; };
		AE79D7B52729A9EC00E5C4A1 /* Base */ = {isa = PBXFileReference; lastKnownFileType = file.storyboard; name = Base; path = Base.lproj/LaunchScreen.storyboard; sourceTree = "<group>"; };
		AE79D7B72729A9EC00E5C4A1 /* Info.plist */ = {isa = PBXFileReference; lastKnownFileType = text.plist.xml; path = Info.plist; sourceTree = "<group>"; };
/* End PBXFileReference section */

/* Begin PBXFrameworksBuildPhase section */
		AE79D7A32729A9EA00E5C4A1 /* Frameworks */ = {
			isa = PBXFrameworksBuildPhase;
			buildActionMask = 2147483647;
			files = (
			);
			runOnlyForDeploymentPostprocessing = 0;
		};
/* End PBXFrameworksBuildPhase section */

/* Begin PBXGroup section */
		AE79D79D2729A9EA00E5C4A1 = {
			isa = PBXGroup;
			children = (
				AE79D7A82729A9EA00E5C4A1 /* Pizza(Job) */,
				AE79D7A72729A9EA00E5C4A1 /* Products */,
			);
			sourceTree = "<group>";
		};
		AE79D7A72729A9EA00E5C4A1 /* Products */ = {
			isa = PBXGroup;
			children = (
				AE79D7A62729A9EA00E5C4A1 /* Pizza(Job).app */,
			);
			name = Products;
			sourceTree = "<group>";
		};
		AE79D7A82729A9EA00E5C4A1 /* Pizza(Job) */ = {
			isa = PBXGroup;
			children = (
				AE79D7A92729A9EA00E5C4A1 /* AppDelegate.swift */,
				AE79D7AB2729A9EA00E5C4A1 /* SceneDelegate.swift */,
				AE79D7AD2729A9EA00E5C4A1 /* ViewController.swift */,
				AE79D7AF2729A9EA00E5C4A1 /* Main.storyboard */,
				AE79D7B22729A9EC00E5C4A1 /* Assets.xcassets */,
				AE79D7B42729A9EC00E5C4A1 /* LaunchScreen.storyboard */,
				AE79D7B72729A9EC00E5C4A1 /* Info.plist */,
			);
			path = "Pizza(Job)";
			sourceTree = "<group>";
		};
/* End PBXGroup section */

/* Begin PBXNativeTarget section */
		AE79D7A52729A9EA00E5C4A1 /* Pizza(Job) */ = {
			isa = PBXNativeTarget;
			buildConfigurationList = AE79D7BA2729A9EC00E5C4A1 /* Build configuration list for PBXNativeTarget "Pizza(Job)" */;
			buildPhases = (
				AE79D7A22729A9EA00E5C4A1 /* Sources */,
				AE79D7A32729A9EA00E5C4A1 /* Frameworks */,
				AE79D7A42729A9EA00E5C4A1 /* Resources */,
			);
			buildRules = (
			);
			dependencies = (
			);
			name = "Pizza(Job)";
			productName = "Pizza(Job)";
			productReference = AE79D7A62729A9EA00E5C4A1 /* Pizza(Job).app */;
			productType = "com.apple.product-type.application";
		};
/* End PBXNativeTarget section */

/* Begin PBXProject section */
		AE79D79E2729A9EA00E5C4A1 /* Project object */ = {
			isa = PBXProject;
			attributes = {
				BuildIndependentTargetsInParallel = 1;
				LastSwiftUpdateCheck = 1300;
				LastUpgradeCheck = 1300;
				TargetAttributes = {
					AE79D7A52729A9EA00E5C4A1 = {
						CreatedOnToolsVersion = 13.0;
					};
				};
			};
			buildConfigurationList = AE79D7A12729A9EA00E5C4A1 /* Build configuration list for PBXProject "Pizza(Job)" */;
			compatibilityVersion = "Xcode 13.0";
			developmentRegion = en;
			hasScannedForEncodings = 0;
			knownRegions = (
				en,
				Base,
			);
			mainGroup = AE79D79D2729A9EA00E5C4A1;
			productRefGroup = AE79D7A72729A9EA00E5C4A1 /* Products */;
			projectDirPath = "";
			projectRoot = "";
			targets = (
				AE79D7A52729A9EA00E5C4A1 /* Pizza(Job) */,
			);
		};
/* End PBXProject section */

/* Begin PBXResourcesBuildPhase section */
		AE79D7A42729A9EA00E5C4A1 /* Resources */ = {
			isa = PBXResourcesBuildPhase;
			buildActionMask = 2147483647;
			files = (
				AE79D7B62729A9EC00E5C4A1 /* LaunchScreen.storyboard in Resources */,
				AE79D7B32729A9EC00E5C4A1 /* Assets.xcassets in Resources */,
				AE79D7B12729A9EA00E5C4A1 /* Main.storyboard in Resources */,
			);
			runOnlyForDeploymentPostprocessing = 0;
		};
/* End PBXResourcesBuildPhase section */

/* Begin PBXSourcesBuildPhase section */
		AE79D7A22729A9EA00E5C4A1 /* Sources */ = {
			isa = PBXSourcesBuildPhase;
			buildActionMask = 2147483647;
			files = (
				AE79D7AE2729A9EA00E5C4A1 /* ViewController.swift in Sources */,
				AE79D7AA2729A9EA00E5C4A1 /* AppDelegate.swift in Sources */,
				AE79D7AC2729A9EA00E5C4A1 /* SceneDelegate.swift in Sources */,
			);
			runOnlyForDeploymentPostprocessing = 0;
		};
/* End PBXSourcesBuildPhase section */

/* Begin PBXVariantGroup section */
		AE79D7AF2729A9EA00E5C4A1 /* Main.storyboard */ = {
			isa = PBXVariantGroup;
			children = (
				AE79D7B02729A9EA00E5C4A1 /* Base */,
			);
			name = Main.storyboard;
			sourceTree = "<group>";
		};
		AE79D7B42729A9EC00E5C4A1 /* LaunchScreen.storyboard */ = {
			isa = PBXVariantGroup;
			children = (
				AE79D7B52729A9EC00E5C4A1 /* Base */,
			);
			name = LaunchScreen.storyboard;
			sourceTree = "<group>";
		};
/* End PBXVariantGroup section */

/* Begin XCBuildConfiguration section */
		AE79D7B82729A9EC00E5C4A1 /* Debug */ = {
			isa = XCBuildConfiguration;
			buildSettings = {
				ALWAYS_SEARCH_USER_PATHS = NO;
				CLANG_ANALYZER_NONNULL = YES;
				CLANG_ANALYZER_NUMBER_OBJECT_CONVERSION = YES_AGGRESSIVE;
				CLANG_CXX_LANGUAGE_STANDARD = "gnu++17";
				CLANG_CXX_LIBRARY = "libc++";
				CLANG_ENABLE_MODULES = YES;
				CLANG_ENABLE_OBJC_ARC = YES;
				CLANG_ENABLE_OBJC_WEAK = YES;
				CLANG_WARN_BLOCK_CAPTURE_AUTORELEASING = YES;
				CLANG_WARN_BOOL_CONVERSION = YES;
				CLANG_WARN_COMMA = YES;
				CLANG_WARN_CONSTANT_CONVERSION = YES;
				CLANG_WARN_DEPRECATED_OBJC_IMPLEMENTATIONS = YES;
				CLANG_WARN_DIRECT_OBJC_ISA_USAGE = YES_ERROR;
				CLANG_WARN_DOCUMENTATION_COMMENTS = YES;
				CLANG_WARN_EMPTY_BODY = YES;
				CLANG_WARN_ENUM_CONVERSION = YES;
				CLANG_WARN_INFINITE_RECURSION = YES;
				CLANG_WARN_INT_CONVERSION = YES;
				CLANG_WARN_NON_LITERAL_NULL_CONVERSION = YES;
				CLANG_WARN_OBJC_IMPLICIT_RETAIN_SELF = YES;
				CLANG_WARN_OBJC_LITERAL_CONVERSION = YES;
				CLANG_WARN_OBJC_ROOT_CLASS = YES_ERROR;
				CLANG_WARN_QUOTED_INCLUDE_IN_FRAMEWORK_HEADER = YES;
				CLANG_WARN_RANGE_LOOP_ANALYSIS = YES;
				CLANG_WARN_STRICT_PROTOTYPES = YES;
				CLANG_WARN_SUSPICIOUS_MOVE = YES;
				CLANG_WARN_UNGUARDED_AVAILABILITY = YES_AGGRESSIVE;
				CLANG_WARN_UNREACHABLE_CODE = YES;
				CLANG_WARN__DUPLICATE_METHOD_MATCH = YES;
				COPY_PHASE_STRIP = NO;
				DEBUG_INFORMATION_FORMAT = dwarf;
				ENABLE_STRICT_OBJC_MSGSEND = YES;
				ENABLE_TESTABILITY = YES;
				GCC_C_LANGUAGE_STANDARD = gnu11;
				GCC_DYNAMIC_NO_PIC = NO;
				GCC_NO_COMMON_BLOCKS = YES;
				GCC_OPTIMIZATION_LEVEL = 0;
				GCC_PREPROCESSOR_DEFINITIONS = (
					"DEBUG=1",
					"$(inherited)",
				);
				GCC_WARN_64_TO_32_BIT_CONVERSION = YES;
				GCC_WARN_ABOUT_RETURN_TYPE = YES_ERROR;
				GCC_WARN_UNDECLARED_SELECTOR = YES;
				GCC_WARN_UNINITIALIZED_AUTOS = YES_AGGRESSIVE;
				GCC_WARN_UNUSED_FUNCTION = YES;
				GCC_WARN_UNUSED_VARIABLE = YES;
				IPHONEOS_DEPLOYMENT_TARGET = 15.0;
				MTL_ENABLE_DEBUG_INFO = INCLUDE_SOURCE;
				MTL_FAST_MATH = YES;
				ONLY_ACTIVE_ARCH = YES;
				SDKROOT = iphoneos;
				SWIFT_ACTIVE_COMPILATION_CONDITIONS = DEBUG;
				SWIFT_OPTIMIZATION_LEVEL = "-Onone";
			};
			name = Debug;
		};
		AE79D7B92729A9EC00E5C4A1 /* Release */ = {
			isa = XCBuildConfiguration;
			buildSettings = {
				ALWAYS_SEARCH_USER_PATHS = NO;
				CLANG_ANALYZER_NONNULL = YES;
				CLANG_ANALYZER_NUMBER_OBJECT_CONVERSION = YES_AGGRESSIVE;
				CLANG_CXX_LANGUAGE_STANDARD = "gnu++17";
				CLANG_CXX_LIBRARY = "libc++";
				CLANG_ENABLE_MODULES = YES;
				CLANG_ENABLE_OBJC_ARC = YES;
				CLANG_ENABLE_OBJC_WEAK = YES;
				CLANG_WARN_BLOCK_CAPTURE_AUTORELEASING = YES;
				CLANG_WARN_BOOL_CONVERSION = YES;
				CLANG_WARN_COMMA = YES;
				CLANG_WARN_CONSTANT_CONVERSION = YES;
				CLANG_WARN_DEPRECATED_OBJC_IMPLEMENTATIONS = YES;
				CLANG_WARN_DIRECT_OBJC_ISA_USAGE = YES_ERROR;
				CLANG_WARN_DOCUMENTATION_COMMENTS = YES;
				CLANG_WARN_EMPTY_BODY = YES;
				CLANG_WARN_ENUM_CONVERSION = YES;
				CLANG_WARN_INFINITE_RECURSION = YES;
				CLANG_WARN_INT_CONVERSION = YES;
				CLANG_WARN_NON_LITERAL_NULL_CONVERSION = YES;
				CLANG_WARN_OBJC_IMPLICIT_RETAIN_SELF = YES;
				CLANG_WARN_OBJC_LITERAL_CONVERSION = YES;
				CLANG_WARN_OBJC_ROOT_CLASS = YES_ERROR;
				CLANG_WARN_QUOTED_INCLUDE_IN_FRAMEWORK_HEADER = YES;
				CLANG_WARN_RANGE_LOOP_ANALYSIS = YES;
				CLANG_WARN_STRICT_PROTOTYPES = YES;
				CLANG_WARN_SUSPICIOUS_MOVE = YES;
				CLANG_WARN_UNGUARDED_AVAILABILITY = YES_AGGRESSIVE;
				CLANG_WARN_UNREACHABLE_CODE = YES;
				CLANG_WARN__DUPLICATE_METHOD_MATCH = YES;
				COPY_PHASE_STRIP = NO;
				DEBUG_INFORMATION_FORMAT = "dwarf-with-dsym";
				ENABLE_NS_ASSERTIONS = NO;
				ENABLE_STRICT_OBJC_MSGSEND = YES;
				GCC_C_LANGUAGE_STANDARD = gnu11;
				GCC_NO_COMMON_BLOCKS = YES;
				GCC_WARN_64_TO_32_BIT_CONVERSION = YES;
				GCC_WARN_ABOUT_RETURN_TYPE = YES_ERROR;
				GCC_WARN_UNDECLARED_SELECTOR = YES;
				GCC_WARN_UNINITIALIZED_AUTOS = YES_AGGRESSIVE;
				GCC_WARN_UNUSED_FUNCTION = YES;
				GCC_WARN_UNUSED_VARIABLE = YES;
				IPHONEOS_DEPLOYMENT_TARGET = 15.0;
				MTL_ENABLE_DEBUG_INFO = NO;
				MTL_FAST_MATH = YES;
				SDKROOT = iphoneos;
				SWIFT_COMPILATION_MODE = wholemodule;
				SWIFT_OPTIMIZATION_LEVEL = "-O";
				VALIDATE_PRODUCT = YES;
			};
			name = Release;
		};
		AE79D7BB2729A9EC00E5C4A1 /* Debug */ = {
			isa = XCBuildConfiguration;
			buildSettings = {
				ASSETCATALOG_COMPILER_APPICON_NAME = AppIcon;
				ASSETCATALOG_COMPILER_GLOBAL_ACCENT_COLOR_NAME = AccentColor;
				CODE_SIGN_STYLE = Automatic;
				CURRENT_PROJECT_VERSION = 1;
				DEVELOPMENT_TEAM = C9QBDKULF9;
				GENERATE_INFOPLIST_FILE = YES;
				INFOPLIST_FILE = "Pizza(Job)/Info.plist";
				INFOPLIST_KEY_UIApplicationSupportsIndirectInputEvents = YES;
				INFOPLIST_KEY_UILaunchStoryboardName = LaunchScreen;
				INFOPLIST_KEY_UIMainStoryboardFile = Main;
				INFOPLIST_KEY_UISupportedInterfaceOrientations_iPad = "UIInterfaceOrientationPortrait UIInterfaceOrientationPortraitUpsideDown UIInterfaceOrientationLandscapeLeft UIInterfaceOrientationLandscapeRight";
				INFOPLIST_KEY_UISupportedInterfaceOrientations_iPhone = "UIInterfaceOrientationPortrait UIInterfaceOrientationLandscapeLeft UIInterfaceOrientationLandscapeRight";
				LD_RUNPATH_SEARCH_PATHS = (
					"$(inherited)",
					"@executable_path/Frameworks",
				);
				MARKETING_VERSION = 1.0;
				PRODUCT_BUNDLE_IDENTIFIER = "fi.Pizza-Job-";
				PRODUCT_NAME = "$(TARGET_NAME)";
				SWIFT_EMIT_LOC_STRINGS = YES;
				SWIFT_VERSION = 5.0;
				TARGETED_DEVICE_FAMILY = "1,2";
			};
			name = Debug;
		};
		AE79D7BC2729A9EC00E5C4A1 /* Release */ = {
			isa = XCBuildConfiguration;
			buildSettings = {
				ASSETCATALOG_COMPILER_APPICON_NAME = AppIcon;
				ASSETCATALOG_COMPILER_GLOBAL_ACCENT_COLOR_NAME = AccentColor;
				CODE_SIGN_STYLE = Automatic;
				CURRENT_PROJECT_VERSION = 1;
				DEVELOPMENT_TEAM = C9QBDKULF9;
				GENERATE_INFOPLIST_FILE = YES;
				INFOPLIST_FILE = "Pizza(Job)/Info.plist";
				INFOPLIST_KEY_UIApplicationSupportsIndirectInputEvents = YES;
				INFOPLIST_KEY_UILaunchStoryboardName = LaunchScreen;
				INFOPLIST_KEY_UIMainStoryboardFile = Main;
				INFOPLIST_KEY_UISupportedInterfaceOrientations_iPad = "UIInterfaceOrientationPortrait UIInterfaceOrientationPortraitUpsideDown UIInterfaceOrientationLandscapeLeft UIInterfaceOrientationLandscapeRight";
				INFOPLIST_KEY_UISupportedInterfaceOrientations_iPhone = "UIInterfaceOrientationPortrait UIInterfaceOrientationLandscapeLeft UIInterfaceOrientationLandscapeRight";
				LD_RUNPATH_SEARCH_PATHS = (
					"$(inherited)",
					"@executable_path/Frameworks",
				);
				MARKETING_VERSION = 1.0;
				PRODUCT_BUNDLE_IDENTIFIER = "fi.Pizza-Job-";
				PRODUCT_NAME = "$(TARGET_NAME)";
				SWIFT_EMIT_LOC_STRINGS = YES;
				SWIFT_VERSION = 5.0;
				TARGETED_DEVICE_FAMILY = "1,2";
			};
			name = Release;
		};
/* End XCBuildConfiguration section */

/* Begin XCConfigurationList section */
		AE79D7A12729A9EA00E5C4A1 /* Build configuration list for PBXProject "Pizza(Job)" */ = {
			isa = XCConfigurationList;
			buildConfigurations = (
				AE79D7B82729A9EC00E5C4A1 /* Debug */,
				AE79D7B92729A9EC00E5C4A1 /* Release */,
			);
			defaultConfigurationIsVisible = 0;
			defaultConfigurationName = Release;
		};
		AE79D7BA2729A9EC00E5C4A1 /* Build configuration list for PBXNativeTarget "Pizza(Job)" */ = {
			isa = XCConfigurationList;
			buildConfigurations = (
				AE79D7BB2729A9EC00E5C4A1 /* Debug */,
				AE79D7BC2729A9EC00E5C4A1 /* Release */,
			);
			defaultConfigurationIsVisible = 0;
			defaultConfigurationName = Release;
		};
/* End XCConfigurationList section */
	};
	rootObject = AE79D79E2729A9EA00E5C4A1 /* Project object */;
}
